
Microsoft Visual Studio Solution File, Format Version 12.00
# Visual Studio 2013
VisualStudioVersion = 12.0.21005.1
MinimumVisualStudioVersion = 10.0.40219.1
Project("{FAE04EC0-301F-11D3-BF4B-00C04F79EFBC}") = "Simasoft.HangfirePoc.Web.Mvc5", "Simasoft.HangfirePoc.Web.Mvc5\Simasoft.HangfirePoc.Web.Mvc5.csproj", "{558D9163-6B89-492F-BBFA-BE660C0890D2}"
EndProject
Project("{FAE04EC0-301F-11D3-BF4B-00C04F79EFBC}") = "Simasoft.HangfirePoc.Web.Mvc5.Tests", "Simasoft.HangfirePoc.Web.Mvc5.Tests\Simasoft.HangfirePoc.Web.Mvc5.Tests.csproj", "{E11A06AE-DEF2-4D2A-A8C4-E67D19745D17}"
EndProject
Project("{FAE04EC0-301F-11D3-BF4B-00C04F79EFBC}") = "Simasoft.HangfirePoc.Tarefas", "Simasoft.HangfirePoc.Tarefas\Simasoft.HangfirePoc.Tarefas.csproj", "{4A027669-3F52-4A1F-AE10-4FFD497BE85E}"
EndProject
Project("{2150E333-8FDC-42A3-9474-1A3956D46DE8}") = "0 - Apresentacao", "0 - Apresentacao", "{06FD6662-0FFC-46AD-B455-20FECFA98AAD}"
EndProject
Project("{2150E333-8FDC-42A3-9474-1A3956D46DE8}") = "1 - Tarefas", "1 - Tarefas", "{A19A543A-92EA-4DDD-8ABD-5CB92DF62CCC}"
EndProject
Global
	GlobalSection(SolutionConfigurationPlatforms) = preSolution
		Debug|Any CPU = Debug|Any CPU
		Release|Any CPU = Release|Any CPU
	EndGlobalSection
	GlobalSection(ProjectConfigurationPlatforms) = postSolution
		{558D9163-6B89-492F-BBFA-BE660C0890D2}.Debug|Any CPU.ActiveCfg = Debug|Any CPU
		{558D9163-6B89-492F-BBFA-BE660C0890D2}.Debug|Any CPU.Build.0 = Debug|Any CPU
		{558D9163-6B89-492F-BBFA-BE660C0890D2}.Release|Any CPU.ActiveCfg = Release|Any CPU
		{558D9163-6B89-492F-BBFA-BE660C0890D2}.Release|Any CPU.Build.0 = Release|Any CPU
		{E11A06AE-DEF2-4D2A-A8C4-E67D19745D17}.Debug|Any CPU.ActiveCfg = Debug|Any CPU
		{E11A06AE-DEF2-4D2A-A8C4-E67D19745D17}.Debug|Any CPU.Build.0 = Debug|Any CPU
		{E11A06AE-DEF2-4D2A-A8C4-E67D19745D17}.Release|Any CPU.ActiveCfg = Release|Any CPU
		{E11A06AE-DEF2-4D2A-A8C4-E67D19745D17}.Release|Any CPU.Build.0 = Release|Any CPU
		{4A027669-3F52-4A1F-AE10-4FFD497BE85E}.Debug|Any CPU.ActiveCfg = Debug|Any CPU
		{4A027669-3F52-4A1F-AE10-4FFD497BE85E}.Debug|Any CPU.Build.0 = Debug|Any CPU
		{4A027669-3F52-4A1F-AE10-4FFD497BE85E}.Release|Any CPU.ActiveCfg = Release|Any CPU
		{4A027669-3F52-4A1F-AE10-4FFD497BE85E}.Release|Any CPU.Build.0 = Release|Any CPU
	EndGlobalSection
	GlobalSection(SolutionProperties) = preSolution
		HideSolutionNode = FALSE
	EndGlobalSection
	GlobalSection(NestedProjects) = preSolution
		{558D9163-6B89-492F-BBFA-BE660C0890D2} = {06FD6662-0FFC-46AD-B455-20FECFA98AAD}
		{4A027669-3F52-4A1F-AE10-4FFD497BE85E} = {A19A543A-92EA-4DDD-8ABD-5CB92DF62CCC}
	EndGlobalSection
EndGlobal
